
Microsoft Visual Studio Solution File, Format Version 12.00
# Visual Studio 15
VisualStudioVersion = 15.0.27703.2042
MinimumVisualStudioVersion = 10.0.40219.1
Project("{2150E333-8FDC-42A3-9474-1A3956D46DE8}") = "src", "src", "{24A3E043-B8C7-4FE5-9253-EDE0F92F514F}"
EndProject
Project("{2150E333-8FDC-42A3-9474-1A3956D46DE8}") = "Tests", "Tests", "{F875F095-D2AF-48B9-B2A7-1FFC55E36DBD}"
EndProject
Project("{9A19103F-16F7-4668-BE54-9A1E7A4F7556}") = "Initialization", "src\Initialization\Initialization.csproj", "{A3838B08-8711-4C38-B6FA-0C5A6BC14211}"
EndProject
Project("{9A19103F-16F7-4668-BE54-9A1E7A4F7556}") = "ConsoleTester", "src\ConsoleTester\ConsoleTester.csproj", "{A5C9F20E-F056-4756-A538-9EFD784CB62F}"
EndProject
Project("{9A19103F-16F7-4668-BE54-9A1E7A4F7556}") = "LambdaEntry", "src\LambdaEntry\LambdaEntry.csproj", "{84F8883C-1264-42FA-95D2-E1E1070A1CD8}"
EndProject
Project("{9A19103F-16F7-4668-BE54-9A1E7A4F7556}") = "LambdaEntry.Tests", "src\LambdaEntry.Tests\LambdaEntry.Tests.csproj", "{0FFAE035-6256-45A6-A491-936F7D8B9FD8}"
EndProject
Project("{9A19103F-16F7-4668-BE54-9A1E7A4F7556}") = "S3Processor", "src\S3Processor\S3Processor.csproj", "{55F04E9C-5D16-4A75-B593-A5E7E3A4D50B}"
EndProject
Project("{FAE04EC0-301F-11D3-BF4B-00C04F79EFBC}") = "GenericProcessor", "src\GenericProcessor\GenericProcessor.csproj", "{4C61BD1A-CB83-4EF7-9726-ECD37EBF6671}"
EndProject
Project("{2150E333-8FDC-42A3-9474-1A3956D46DE8}") = "Processors", "Processors", "{8AC74C0B-8D48-4987-A7A0-A37F81B8810C}"
EndProject
Project("{2150E333-8FDC-42A3-9474-1A3956D46DE8}") = "Startup", "Startup", "{E0E49B33-B591-42DD-9D97-8740C2EECF79}"
EndProject
Global
	GlobalSection(SolutionConfigurationPlatforms) = preSolution
		Debug|Any CPU = Debug|Any CPU
		Release|Any CPU = Release|Any CPU
	EndGlobalSection
	GlobalSection(ProjectConfigurationPlatforms) = postSolution
		{A3838B08-8711-4C38-B6FA-0C5A6BC14211}.Debug|Any CPU.ActiveCfg = Debug|Any CPU
		{A3838B08-8711-4C38-B6FA-0C5A6BC14211}.Debug|Any CPU.Build.0 = Debug|Any CPU
		{A3838B08-8711-4C38-B6FA-0C5A6BC14211}.Release|Any CPU.ActiveCfg = Release|Any CPU
		{A3838B08-8711-4C38-B6FA-0C5A6BC14211}.Release|Any CPU.Build.0 = Release|Any CPU
		{A5C9F20E-F056-4756-A538-9EFD784CB62F}.Debug|Any CPU.ActiveCfg = Debug|Any CPU
		{A5C9F20E-F056-4756-A538-9EFD784CB62F}.Debug|Any CPU.Build.0 = Debug|Any CPU
		{A5C9F20E-F056-4756-A538-9EFD784CB62F}.Release|Any CPU.ActiveCfg = Release|Any CPU
		{A5C9F20E-F056-4756-A538-9EFD784CB62F}.Release|Any CPU.Build.0 = Release|Any CPU
		{84F8883C-1264-42FA-95D2-E1E1070A1CD8}.Debug|Any CPU.ActiveCfg = Debug|Any CPU
		{84F8883C-1264-42FA-95D2-E1E1070A1CD8}.Debug|Any CPU.Build.0 = Debug|Any CPU
		{84F8883C-1264-42FA-95D2-E1E1070A1CD8}.Release|Any CPU.ActiveCfg = Release|Any CPU
		{84F8883C-1264-42FA-95D2-E1E1070A1CD8}.Release|Any CPU.Build.0 = Release|Any CPU
		{0FFAE035-6256-45A6-A491-936F7D8B9FD8}.Debug|Any CPU.ActiveCfg = Debug|Any CPU
		{0FFAE035-6256-45A6-A491-936F7D8B9FD8}.Debug|Any CPU.Build.0 = Debug|Any CPU
		{0FFAE035-6256-45A6-A491-936F7D8B9FD8}.Release|Any CPU.ActiveCfg = Release|Any CPU
		{0FFAE035-6256-45A6-A491-936F7D8B9FD8}.Release|Any CPU.Build.0 = Release|Any CPU
		{55F04E9C-5D16-4A75-B593-A5E7E3A4D50B}.Debug|Any CPU.ActiveCfg = Debug|Any CPU
		{55F04E9C-5D16-4A75-B593-A5E7E3A4D50B}.Debug|Any CPU.Build.0 = Debug|Any CPU
		{55F04E9C-5D16-4A75-B593-A5E7E3A4D50B}.Release|Any CPU.ActiveCfg = Release|Any CPU
		{55F04E9C-5D16-4A75-B593-A5E7E3A4D50B}.Release|Any CPU.Build.0 = Release|Any CPU
		{4C61BD1A-CB83-4EF7-9726-ECD37EBF6671}.Debug|Any CPU.ActiveCfg = Debug|Any CPU
		{4C61BD1A-CB83-4EF7-9726-ECD37EBF6671}.Debug|Any CPU.Build.0 = Debug|Any CPU
		{4C61BD1A-CB83-4EF7-9726-ECD37EBF6671}.Release|Any CPU.ActiveCfg = Release|Any CPU
		{4C61BD1A-CB83-4EF7-9726-ECD37EBF6671}.Release|Any CPU.Build.0 = Release|Any CPU
	EndGlobalSection
	GlobalSection(SolutionProperties) = preSolution
		HideSolutionNode = FALSE
	EndGlobalSection
	GlobalSection(NestedProjects) = preSolution
		{F875F095-D2AF-48B9-B2A7-1FFC55E36DBD} = {24A3E043-B8C7-4FE5-9253-EDE0F92F514F}
		{A3838B08-8711-4C38-B6FA-0C5A6BC14211} = {E0E49B33-B591-42DD-9D97-8740C2EECF79}
		{A5C9F20E-F056-4756-A538-9EFD784CB62F} = {24A3E043-B8C7-4FE5-9253-EDE0F92F514F}
		{84F8883C-1264-42FA-95D2-E1E1070A1CD8} = {24A3E043-B8C7-4FE5-9253-EDE0F92F514F}
		{0FFAE035-6256-45A6-A491-936F7D8B9FD8} = {F875F095-D2AF-48B9-B2A7-1FFC55E36DBD}
		{55F04E9C-5D16-4A75-B593-A5E7E3A4D50B} = {8AC74C0B-8D48-4987-A7A0-A37F81B8810C}
		{4C61BD1A-CB83-4EF7-9726-ECD37EBF6671} = {8AC74C0B-8D48-4987-A7A0-A37F81B8810C}
		{8AC74C0B-8D48-4987-A7A0-A37F81B8810C} = {24A3E043-B8C7-4FE5-9253-EDE0F92F514F}
		{E0E49B33-B591-42DD-9D97-8740C2EECF79} = {24A3E043-B8C7-4FE5-9253-EDE0F92F514F}
	EndGlobalSection
	GlobalSection(ExtensibilityGlobals) = postSolution
		SolutionGuid = {3F83E989-6213-4527-8691-1FC5727F5879}
	EndGlobalSection
EndGlobal
